
Microsoft Visual Studio Solution File, Format Version 12.00
# Visual Studio 15
VisualStudioVersion = 15.0.27130.2010
MinimumVisualStudioVersion = 10.0.40219.1
Project("{FAE04EC0-301F-11D3-BF4B-00C04F79EFBC}") = "Browser", "Browser\Browser.csproj", "{E7247EAF-C544-45DA-AFB5-CAABDC520163}"
EndProject
Global
	GlobalSection(SolutionConfigurationPlatforms) = preSolution
		Debug|Any CPU = Debug|Any CPU
		Release|Any CPU = Release|Any CPU
	EndGlobalSection
	GlobalSection(ProjectConfigurationPlatforms) = postSolution
		{E7247EAF-C544-45DA-AFB5-CAABDC520163}.Debug|Any CPU.ActiveCfg = Debug|Any CPU
		{E7247EAF-C544-45DA-AFB5-CAABDC520163}.Debug|Any CPU.Build.0 = Debug|Any CPU
		{E7247EAF-C544-45DA-AFB5-CAABDC520163}.Release|Any CPU.ActiveCfg = Release|Any CPU
		{E7247EAF-C544-45DA-AFB5-CAABDC520163}.Release|Any CPU.Build.0 = Release|Any CPU
	EndGlobalSection
	GlobalSection(SolutionProperties) = preSolution
		HideSolutionNode = FALSE
	EndGlobalSection
	GlobalSection(ExtensibilityGlobals) = postSolution
		SolutionGuid = {40BE775E-B587-482F-88FD-AE30160A5F66}
	EndGlobalSection
EndGlobal
